
Microsoft Visual Studio Solution File, Format Version 12.00
# Visual Studio Version 16
VisualStudioVersion = 16.0.31613.86
MinimumVisualStudioVersion = 10.0.40219.1
Project("{FAE04EC0-301F-11D3-BF4B-00C04F79EFBC}") = "APICatalago", "APICatalago\APICatalago.csproj", "{255CB0AB-A3B3-44F3-ACB8-2A019209E234}"
EndProject
Global
	GlobalSection(SolutionConfigurationPlatforms) = preSolution
		Debug|Any CPU = Debug|Any CPU
		Release|Any CPU = Release|Any CPU
	EndGlobalSection
	GlobalSection(ProjectConfigurationPlatforms) = postSolution
		{255CB0AB-A3B3-44F3-ACB8-2A019209E234}.Debug|Any CPU.ActiveCfg = Debug|Any CPU
		{255CB0AB-A3B3-44F3-ACB8-2A019209E234}.Debug|Any CPU.Build.0 = Debug|Any CPU
		{255CB0AB-A3B3-44F3-ACB8-2A019209E234}.Release|Any CPU.ActiveCfg = Release|Any CPU
		{255CB0AB-A3B3-44F3-ACB8-2A019209E234}.Release|Any CPU.Build.0 = Release|Any CPU
	EndGlobalSection
	GlobalSection(SolutionProperties) = preSolution
		HideSolutionNode = FALSE
	EndGlobalSection
	GlobalSection(ExtensibilityGlobals) = postSolution
		SolutionGuid = {2AE8DC64-F725-42CB-9359-F3CF1632DA83}
	EndGlobalSection
EndGlobal
